
Microsoft Visual Studio Solution File, Format Version 12.00
# Visual Studio Version 17
VisualStudioVersion = 17.9.34723.18
MinimumVisualStudioVersion = 10.0.40219.1
Project("{FAE04EC0-301F-11D3-BF4B-00C04F79EFBC}") = "PrimeiroProjeto", "PrimeiroProjeto.csproj", "{75A089EF-3425-449B-AE3A-0295DD09BB75}"
EndProject
Global
	GlobalSection(SolutionConfigurationPlatforms) = preSolution
		Debug|Any CPU = Debug|Any CPU
		Release|Any CPU = Release|Any CPU
	EndGlobalSection
	GlobalSection(ProjectConfigurationPlatforms) = postSolution
		{75A089EF-3425-449B-AE3A-0295DD09BB75}.Debug|Any CPU.ActiveCfg = Debug|Any CPU
		{75A089EF-3425-449B-AE3A-0295DD09BB75}.Debug|Any CPU.Build.0 = Debug|Any CPU
		{75A089EF-3425-449B-AE3A-0295DD09BB75}.Release|Any CPU.ActiveCfg = Release|Any CPU
		{75A089EF-3425-449B-AE3A-0295DD09BB75}.Release|Any CPU.Build.0 = Release|Any CPU
	EndGlobalSection
	GlobalSection(SolutionProperties) = preSolution
		HideSolutionNode = FALSE
	EndGlobalSection
	GlobalSection(ExtensibilityGlobals) = postSolution
		SolutionGuid = {538C3D8C-C3A7-4E5F-A099-838EA97BA149}
	EndGlobalSection
EndGlobal
